// !$*UTF8*$!
{
	archiveVersion = 1;
	classes = {
	};
	objectVersion = 46;
	objects = {

/* Begin PBXBuildFile section */
		12BE9E2A8D5AC97EB2DD2C02 /* libPods-AIAPP.a in Frameworks */ = {isa = PBXBuildFile; fileRef = 5C5ECF46B7CE991A15F10AC9 /* libPods-AIAPP.a */; };
		F325E1AE1FECB7BF00028C1A /* AppDelegate.m in Sources */ = {isa = PBXBuildFile; fileRef = F325E1A41FECB7BF00028C1A /* AppDelegate.m */; };
		F325E1AF1FECB7BF00028C1A /* Assets.xcassets in Resources */ = {isa = PBXBuildFile; fileRef = F325E1A71FECB7BF00028C1A /* Assets.xcassets */; };
		F325E1B21FECB7BF00028C1A /* Info.plist in Resources */ = {isa = PBXBuildFile; fileRef = F325E1AC1FECB7BF00028C1A /* Info.plist */; };
		F325E1B31FECB7BF00028C1A /* main.m in Sources */ = {isa = PBXBuildFile; fileRef = F325E1AD1FECB7BF00028C1A /* main.m */; };
		F325E1BA1FF3366300028C1A /* AppDelegate+AppService.m in Sources */ = {isa = PBXBuildFile; fileRef = F325E1B91FF3366300028C1A /* AppDelegate+AppService.m */; };
/* End PBXBuildFile section */

/* Begin PBXFileReference section */
		016E0B101B3405D3328A1B37 /* Pods-AIAPP.debug.xcconfig */ = {isa = PBXFileReference; includeInIndex = 1; lastKnownFileType = text.xcconfig; name = "Pods-AIAPP.debug.xcconfig"; path = "Pods/Target Support Files/Pods-AIAPP/Pods-AIAPP.debug.xcconfig"; sourceTree = "<group>"; };
		50C2C51149336170B243D1FE /* Pods-AIAPP.release.xcconfig */ = {isa = PBXFileReference; includeInIndex = 1; lastKnownFileType = text.xcconfig; name = "Pods-AIAPP.release.xcconfig"; path = "Pods/Target Support Files/Pods-AIAPP/Pods-AIAPP.release.xcconfig"; sourceTree = "<group>"; };
		5C5ECF46B7CE991A15F10AC9 /* libPods-AIAPP.a */ = {isa = PBXFileReference; explicitFileType = archive.ar; includeInIndex = 0; path = "libPods-AIAPP.a"; sourceTree = BUILT_PRODUCTS_DIR; };
		F325E1A31FECB7BF00028C1A /* AppDelegate.h */ = {isa = PBXFileReference; fileEncoding = 4; lastKnownFileType = sourcecode.c.h; path = AppDelegate.h; sourceTree = "<group>"; };
		F325E1A41FECB7BF00028C1A /* AppDelegate.m */ = {isa = PBXFileReference; fileEncoding = 4; lastKnownFileType = sourcecode.c.objc; path = AppDelegate.m; sourceTree = "<group>"; };
		F325E1A71FECB7BF00028C1A /* Assets.xcassets */ = {isa = PBXFileReference; lastKnownFileType = folder.assetcatalog; path = Assets.xcassets; sourceTree = "<group>"; };
		F325E1AC1FECB7BF00028C1A /* Info.plist */ = {isa = PBXFileReference; fileEncoding = 4; lastKnownFileType = text.plist.xml; path = Info.plist; sourceTree = "<group>"; };
		F325E1AD1FECB7BF00028C1A /* main.m */ = {isa = PBXFileReference; fileEncoding = 4; lastKnownFileType = sourcecode.c.objc; path = main.m; sourceTree = "<group>"; };
		F325E1B41FECB86E00028C1A /* PrefixHeader.pch */ = {isa = PBXFileReference; fileEncoding = 4; lastKnownFileType = sourcecode.c.h; path = PrefixHeader.pch; sourceTree = "<group>"; };
		F325E1B81FF3366300028C1A /* AppDelegate+AppService.h */ = {isa = PBXFileReference; fileEncoding = 4; lastKnownFileType = sourcecode.c.h; path = "AppDelegate+AppService.h"; sourceTree = "<group>"; };
		F325E1B91FF3366300028C1A /* AppDelegate+AppService.m */ = {isa = PBXFileReference; fileEncoding = 4; lastKnownFileType = sourcecode.c.objc; path = "AppDelegate+AppService.m"; sourceTree = "<group>"; };
		F325E1BB1FF33AE400028C1A /* CommonMacros.h */ = {isa = PBXFileReference; fileEncoding = 4; lastKnownFileType = sourcecode.c.h; path = CommonMacros.h; sourceTree = "<group>"; };
		F325E1BC1FF3420800028C1A /* FontAndColorMacros.h */ = {isa = PBXFileReference; fileEncoding = 4; lastKnownFileType = sourcecode.c.h; path = FontAndColorMacros.h; sourceTree = "<group>"; };
		F325E1BD1FF34F5000028C1A /* SystemMacros.h */ = {isa = PBXFileReference; fileEncoding = 4; lastKnownFileType = sourcecode.c.h; path = SystemMacros.h; sourceTree = "<group>"; };
		F325E1BE1FF38EF400028C1A /* UtilsMacros.h */ = {isa = PBXFileReference; fileEncoding = 4; lastKnownFileType = sourcecode.c.h; path = UtilsMacros.h; sourceTree = "<group>"; };
		F325E1BF1FF39CDD00028C1A /* URLMacros.h */ = {isa = PBXFileReference; fileEncoding = 4; lastKnownFileType = sourcecode.c.h; path = URLMacros.h; sourceTree = "<group>"; };
		F3BD64841FEC1339005EAB31 /* AIAPP.app */ = {isa = PBXFileReference; explicitFileType = wrapper.application; includeInIndex = 0; path = AIAPP.app; sourceTree = BUILT_PRODUCTS_DIR; };
/* End PBXFileReference section */

/* Begin PBXFrameworksBuildPhase section */
		F3BD64811FEC1339005EAB31 /* Frameworks */ = {
			isa = PBXFrameworksBuildPhase;
			buildActionMask = 2147483647;
			files = (
				12BE9E2A8D5AC97EB2DD2C02 /* libPods-AIAPP.a in Frameworks */,
			);
			runOnlyForDeploymentPostprocessing = 0;
		};
/* End PBXFrameworksBuildPhase section */

/* Begin PBXGroup section */
		DC9826FBC19FD181F55508FB /* Pods */ = {
			isa = PBXGroup;
			children = (
				016E0B101B3405D3328A1B37 /* Pods-AIAPP.debug.xcconfig */,
				50C2C51149336170B243D1FE /* Pods-AIAPP.release.xcconfig */,
			);
			name = Pods;
			sourceTree = "<group>";
		};
		DF43769143C139237BBAB3E4 /* Frameworks */ = {
			isa = PBXGroup;
			children = (
				5C5ECF46B7CE991A15F10AC9 /* libPods-AIAPP.a */,
			);
			name = Frameworks;
			sourceTree = "<group>";
		};
		F325E17F1FECB7BF00028C1A /* AIHelper */ = {
			isa = PBXGroup;
			children = (
				F325E1801FECB7BF00028C1A /* AIBase */,
				F325E1811FECB7BF00028C1A /* AICategory */,
				F325E1821FECB7BF00028C1A /* AICommonUI */,
				F325E1831FECB7BF00028C1A /* AIDatabase */,
				F325E1841FECB7BF00028C1A /* AIDefine */,
				F325E1851FECB7BF00028C1A /* AIManager */,
				F325E1861FECB7BF00028C1A /* AINetwork */,
				F325E1871FECB7BF00028C1A /* AIThridParty */,
				F325E1881FECB7BF00028C1A /* AIUtils */,
			);
			path = AIHelper;
			sourceTree = "<group>";
		};
		F325E1801FECB7BF00028C1A /* AIBase */ = {
			isa = PBXGroup;
			children = (
			);
			path = AIBase;
			sourceTree = "<group>";
		};
		F325E1811FECB7BF00028C1A /* AICategory */ = {
			isa = PBXGroup;
			children = (
			);
			path = AICategory;
			sourceTree = "<group>";
		};
		F325E1821FECB7BF00028C1A /* AICommonUI */ = {
			isa = PBXGroup;
			children = (
			);
			path = AICommonUI;
			sourceTree = "<group>";
		};
		F325E1831FECB7BF00028C1A /* AIDatabase */ = {
			isa = PBXGroup;
			children = (
			);
			path = AIDatabase;
			sourceTree = "<group>";
		};
		F325E1841FECB7BF00028C1A /* AIDefine */ = {
			isa = PBXGroup;
			children = (
				F325E1BB1FF33AE400028C1A /* CommonMacros.h */,
				F325E1BC1FF3420800028C1A /* FontAndColorMacros.h */,
				F325E1BD1FF34F5000028C1A /* SystemMacros.h */,
				F325E1BE1FF38EF400028C1A /* UtilsMacros.h */,
				F325E1BF1FF39CDD00028C1A /* URLMacros.h */,
			);
			path = AIDefine;
			sourceTree = "<group>";
		};
		F325E1851FECB7BF00028C1A /* AIManager */ = {
			isa = PBXGroup;
			children = (
			);
			path = AIManager;
			sourceTree = "<group>";
		};
		F325E1861FECB7BF00028C1A /* AINetwork */ = {
			isa = PBXGroup;
			children = (
			);
			path = AINetwork;
			sourceTree = "<group>";
		};
		F325E1871FECB7BF00028C1A /* AIThridParty */ = {
			isa = PBXGroup;
			children = (
			);
			path = AIThridParty;
			sourceTree = "<group>";
		};
		F325E1881FECB7BF00028C1A /* AIUtils */ = {
			isa = PBXGroup;
			children = (
			);
			path = AIUtils;
			sourceTree = "<group>";
		};
		F325E1891FECB7BF00028C1A /* AIModules */ = {
			isa = PBXGroup;
			children = (
				F325E18A1FECB7BF00028C1A /* Home */,
				F325E1901FECB7BF00028C1A /* Login */,
				F325E1961FECB7BF00028C1A /* Mine */,
				F325E19C1FECB7BF00028C1A /* TabBar */,
			);
			path = AIModules;
			sourceTree = "<group>";
		};
		F325E18A1FECB7BF00028C1A /* Home */ = {
			isa = PBXGroup;
			children = (
				F325E18B1FECB7BF00028C1A /* Controller */,
				F325E18C1FECB7BF00028C1A /* Logic */,
				F325E18D1FECB7BF00028C1A /* Model */,
				F325E18E1FECB7BF00028C1A /* Service */,
				F325E18F1FECB7BF00028C1A /* View */,
			);
			path = Home;
			sourceTree = "<group>";
		};
		F325E18B1FECB7BF00028C1A /* Controller */ = {
			isa = PBXGroup;
			children = (
			);
			path = Controller;
			sourceTree = "<group>";
		};
		F325E18C1FECB7BF00028C1A /* Logic */ = {
			isa = PBXGroup;
			children = (
			);
			path = Logic;
			sourceTree = "<group>";
		};
		F325E18D1FECB7BF00028C1A /* Model */ = {
			isa = PBXGroup;
			children = (
			);
			path = Model;
			sourceTree = "<group>";
		};
		F325E18E1FECB7BF00028C1A /* Service */ = {
			isa = PBXGroup;
			children = (
			);
			path = Service;
			sourceTree = "<group>";
		};
		F325E18F1FECB7BF00028C1A /* View */ = {
			isa = PBXGroup;
			children = (
			);
			path = View;
			sourceTree = "<group>";
		};
		F325E1901FECB7BF00028C1A /* Login */ = {
			isa = PBXGroup;
			children = (
				F325E1911FECB7BF00028C1A /* Controller */,
				F325E1921FECB7BF00028C1A /* Logic */,
				F325E1931FECB7BF00028C1A /* Model */,
				F325E1941FECB7BF00028C1A /* Service */,
				F325E1951FECB7BF00028C1A /* View */,
			);
			path = Login;
			sourceTree = "<group>";
		};
		F325E1911FECB7BF00028C1A /* Controller */ = {
			isa = PBXGroup;
			children = (
			);
			path = Controller;
			sourceTree = "<group>";
		};
		F325E1921FECB7BF00028C1A /* Logic */ = {
			isa = PBXGroup;
			children = (
			);
			path = Logic;
			sourceTree = "<group>";
		};
		F325E1931FECB7BF00028C1A /* Model */ = {
			isa = PBXGroup;
			children = (
			);
			path = Model;
			sourceTree = "<group>";
		};
		F325E1941FECB7BF00028C1A /* Service */ = {
			isa = PBXGroup;
			children = (
			);
			path = Service;
			sourceTree = "<group>";
		};
		F325E1951FECB7BF00028C1A /* View */ = {
			isa = PBXGroup;
			children = (
			);
			path = View;
			sourceTree = "<group>";
		};
		F325E1961FECB7BF00028C1A /* Mine */ = {
			isa = PBXGroup;
			children = (
				F325E1971FECB7BF00028C1A /* Controller */,
				F325E1981FECB7BF00028C1A /* Logic */,
				F325E1991FECB7BF00028C1A /* Model */,
				F325E19A1FECB7BF00028C1A /* Service */,
				F325E19B1FECB7BF00028C1A /* View */,
			);
			path = Mine;
			sourceTree = "<group>";
		};
		F325E1971FECB7BF00028C1A /* Controller */ = {
			isa = PBXGroup;
			children = (
			);
			path = Controller;
			sourceTree = "<group>";
		};
		F325E1981FECB7BF00028C1A /* Logic */ = {
			isa = PBXGroup;
			children = (
			);
			path = Logic;
			sourceTree = "<group>";
		};
		F325E1991FECB7BF00028C1A /* Model */ = {
			isa = PBXGroup;
			children = (
			);
			path = Model;
			sourceTree = "<group>";
		};
		F325E19A1FECB7BF00028C1A /* Service */ = {
			isa = PBXGroup;
			children = (
			);
			path = Service;
			sourceTree = "<group>";
		};
		F325E19B1FECB7BF00028C1A /* View */ = {
			isa = PBXGroup;
			children = (
			);
			path = View;
			sourceTree = "<group>";
		};
		F325E19C1FECB7BF00028C1A /* TabBar */ = {
			isa = PBXGroup;
			children = (
				F325E19D1FECB7BF00028C1A /* Controller */,
				F325E19E1FECB7BF00028C1A /* Logic */,
				F325E19F1FECB7BF00028C1A /* Model */,
				F325E1A01FECB7BF00028C1A /* Service */,
				F325E1A11FECB7BF00028C1A /* View */,
			);
			path = TabBar;
			sourceTree = "<group>";
		};
		F325E19D1FECB7BF00028C1A /* Controller */ = {
			isa = PBXGroup;
			children = (
			);
			path = Controller;
			sourceTree = "<group>";
		};
		F325E19E1FECB7BF00028C1A /* Logic */ = {
			isa = PBXGroup;
			children = (
			);
			path = Logic;
			sourceTree = "<group>";
		};
		F325E19F1FECB7BF00028C1A /* Model */ = {
			isa = PBXGroup;
			children = (
			);
			path = Model;
			sourceTree = "<group>";
		};
		F325E1A01FECB7BF00028C1A /* Service */ = {
			isa = PBXGroup;
			children = (
			);
			path = Service;
			sourceTree = "<group>";
		};
		F325E1A11FECB7BF00028C1A /* View */ = {
			isa = PBXGroup;
			children = (
			);
			path = View;
			sourceTree = "<group>";
		};
		F325E1A21FECB7BF00028C1A /* AppDelegate */ = {
			isa = PBXGroup;
			children = (
				F325E1A31FECB7BF00028C1A /* AppDelegate.h */,
				F325E1A41FECB7BF00028C1A /* AppDelegate.m */,
				F325E1B81FF3366300028C1A /* AppDelegate+AppService.h */,
				F325E1B91FF3366300028C1A /* AppDelegate+AppService.m */,
			);
			path = AppDelegate;
			sourceTree = "<group>";
		};
		F325E1A51FECB7BF00028C1A /* Resource */ = {
			isa = PBXGroup;
			children = (
			);
			path = Resource;
			sourceTree = "<group>";
		};
		F325E1A61FECB7BF00028C1A /* Supporting Flies */ = {
			isa = PBXGroup;
			children = (
				F325E1A71FECB7BF00028C1A /* Assets.xcassets */,
				F325E1AC1FECB7BF00028C1A /* Info.plist */,
				F325E1AD1FECB7BF00028C1A /* main.m */,
				F325E1B41FECB86E00028C1A /* PrefixHeader.pch */,
			);
			path = "Supporting Flies";
			sourceTree = "<group>";
		};
		F3BD647B1FEC1339005EAB31 = {
			isa = PBXGroup;
			children = (
				F3BD64861FEC1339005EAB31 /* AIAPP */,
				F3BD64851FEC1339005EAB31 /* Products */,
				DC9826FBC19FD181F55508FB /* Pods */,
				DF43769143C139237BBAB3E4 /* Frameworks */,
			);
			sourceTree = "<group>";
		};
		F3BD64851FEC1339005EAB31 /* Products */ = {
			isa = PBXGroup;
			children = (
				F3BD64841FEC1339005EAB31 /* AIAPP.app */,
			);
			name = Products;
			sourceTree = "<group>";
		};
		F3BD64861FEC1339005EAB31 /* AIAPP */ = {
			isa = PBXGroup;
			children = (
				F325E17F1FECB7BF00028C1A /* AIHelper */,
				F325E1891FECB7BF00028C1A /* AIModules */,
				F325E1A21FECB7BF00028C1A /* AppDelegate */,
				F325E1A51FECB7BF00028C1A /* Resource */,
				F325E1A61FECB7BF00028C1A /* Supporting Flies */,
			);
			path = AIAPP;
			sourceTree = "<group>";
		};
/* End PBXGroup section */

/* Begin PBXNativeTarget section */
		F3BD64831FEC1339005EAB31 /* AIAPP */ = {
			isa = PBXNativeTarget;
			buildConfigurationList = F3BD649B1FEC1339005EAB31 /* Build configuration list for PBXNativeTarget "AIAPP" */;
			buildPhases = (
				0280983A1A0DBEC6BAF62B94 /* [CP] Check Pods Manifest.lock */,
				F3BD64801FEC1339005EAB31 /* Sources */,
				F3BD64811FEC1339005EAB31 /* Frameworks */,
				F3BD64821FEC1339005EAB31 /* Resources */,
				F95F1E83E7DB886204433A18 /* [CP] Embed Pods Frameworks */,
				1B797332123A022336DEBFCD /* [CP] Copy Pods Resources */,
			);
			buildRules = (
			);
			dependencies = (
			);
			name = AIAPP;
			productName = AIAPP;
			productReference = F3BD64841FEC1339005EAB31 /* AIAPP.app */;
			productType = "com.apple.product-type.application";
		};
/* End PBXNativeTarget section */

/* Begin PBXProject section */
		F3BD647C1FEC1339005EAB31 /* Project object */ = {
			isa = PBXProject;
			attributes = {
				LastUpgradeCheck = 0830;
				ORGANIZATIONNAME = hikvision;
				TargetAttributes = {
					F3BD64831FEC1339005EAB31 = {
						CreatedOnToolsVersion = 8.3.2;
						DevelopmentTeam = YL9V9X796U;
						ProvisioningStyle = Automatic;
					};
				};
			};
			buildConfigurationList = F3BD647F1FEC1339005EAB31 /* Build configuration list for PBXProject "AIAPP" */;
			compatibilityVersion = "Xcode 3.2";
			developmentRegion = English;
			hasScannedForEncodings = 0;
			knownRegions = (
				en,
				Base,
			);
			mainGroup = F3BD647B1FEC1339005EAB31;
			productRefGroup = F3BD64851FEC1339005EAB31 /* Products */;
			projectDirPath = "";
			projectRoot = "";
			targets = (
				F3BD64831FEC1339005EAB31 /* AIAPP */,
			);
		};
/* End PBXProject section */

/* Begin PBXResourcesBuildPhase section */
		F3BD64821FEC1339005EAB31 /* Resources */ = {
			isa = PBXResourcesBuildPhase;
			buildActionMask = 2147483647;
			files = (
				F325E1B21FECB7BF00028C1A /* Info.plist in Resources */,
				F325E1AF1FECB7BF00028C1A /* Assets.xcassets in Resources */,
			);
			runOnlyForDeploymentPostprocessing = 0;
		};
/* End PBXResourcesBuildPhase section */

/* Begin PBXShellScriptBuildPhase section */
		0280983A1A0DBEC6BAF62B94 /* [CP] Check Pods Manifest.lock */ = {
			isa = PBXShellScriptBuildPhase;
			buildActionMask = 2147483647;
			files = (
			);
			inputPaths = (
			);
			name = "[CP] Check Pods Manifest.lock";
			outputPaths = (
			);
			runOnlyForDeploymentPostprocessing = 0;
			shellPath = /bin/sh;
			shellScript = "diff \"${PODS_ROOT}/../Podfile.lock\" \"${PODS_ROOT}/Manifest.lock\" > /dev/null\nif [ $? != 0 ] ; then\n    # print error to STDERR\n    echo \"error: The sandbox is not in sync with the Podfile.lock. Run 'pod install' or update your CocoaPods installation.\" >&2\n    exit 1\nfi\n";
			showEnvVarsInLog = 0;
		};
		1B797332123A022336DEBFCD /* [CP] Copy Pods Resources */ = {
			isa = PBXShellScriptBuildPhase;
			buildActionMask = 2147483647;
			files = (
			);
			inputPaths = (
			);
			name = "[CP] Copy Pods Resources";
			outputPaths = (
			);
			runOnlyForDeploymentPostprocessing = 0;
			shellPath = /bin/sh;
			shellScript = "\"${SRCROOT}/Pods/Target Support Files/Pods-AIAPP/Pods-AIAPP-resources.sh\"\n";
			showEnvVarsInLog = 0;
		};
		F95F1E83E7DB886204433A18 /* [CP] Embed Pods Frameworks */ = {
			isa = PBXShellScriptBuildPhase;
			buildActionMask = 2147483647;
			files = (
			);
			inputPaths = (
			);
			name = "[CP] Embed Pods Frameworks";
			outputPaths = (
			);
			runOnlyForDeploymentPostprocessing = 0;
			shellPath = /bin/sh;
			shellScript = "\"${SRCROOT}/Pods/Target Support Files/Pods-AIAPP/Pods-AIAPP-frameworks.sh\"\n";
			showEnvVarsInLog = 0;
		};
/* End PBXShellScriptBuildPhase section */

/* Begin PBXSourcesBuildPhase section */
		F3BD64801FEC1339005EAB31 /* Sources */ = {
			isa = PBXSourcesBuildPhase;
			buildActionMask = 2147483647;
			files = (
				F325E1BA1FF3366300028C1A /* AppDelegate+AppService.m in Sources */,
				F325E1B31FECB7BF00028C1A /* main.m in Sources */,
				F325E1AE1FECB7BF00028C1A /* AppDelegate.m in Sources */,
			);
			runOnlyForDeploymentPostprocessing = 0;
		};
/* End PBXSourcesBuildPhase section */

/* Begin XCBuildConfiguration section */
		F3BD64991FEC1339005EAB31 /* Debug */ = {
			isa = XCBuildConfiguration;
			buildSettings = {
				ALWAYS_SEARCH_USER_PATHS = NO;
				CLANG_ANALYZER_NONNULL = YES;
				CLANG_ANALYZER_NUMBER_OBJECT_CONVERSION = YES_AGGRESSIVE;
				CLANG_CXX_LANGUAGE_STANDARD = "gnu++0x";
				CLANG_CXX_LIBRARY = "libc++";
				CLANG_ENABLE_MODULES = YES;
				CLANG_ENABLE_OBJC_ARC = YES;
				CLANG_WARN_BOOL_CONVERSION = YES;
				CLANG_WARN_CONSTANT_CONVERSION = YES;
				CLANG_WARN_DIRECT_OBJC_ISA_USAGE = YES_ERROR;
				CLANG_WARN_DOCUMENTATION_COMMENTS = YES;
				CLANG_WARN_EMPTY_BODY = YES;
				CLANG_WARN_ENUM_CONVERSION = YES;
				CLANG_WARN_INFINITE_RECURSION = YES;
				CLANG_WARN_INT_CONVERSION = YES;
				CLANG_WARN_OBJC_ROOT_CLASS = YES_ERROR;
				CLANG_WARN_SUSPICIOUS_MOVE = YES;
				CLANG_WARN_UNREACHABLE_CODE = YES;
				CLANG_WARN__DUPLICATE_METHOD_MATCH = YES;
				"CODE_SIGN_IDENTITY[sdk=iphoneos*]" = "iPhone Developer";
				COPY_PHASE_STRIP = NO;
				DEBUG_INFORMATION_FORMAT = dwarf;
				ENABLE_STRICT_OBJC_MSGSEND = YES;
				ENABLE_TESTABILITY = YES;
				GCC_C_LANGUAGE_STANDARD = gnu99;
				GCC_DYNAMIC_NO_PIC = NO;
				GCC_NO_COMMON_BLOCKS = YES;
				GCC_OPTIMIZATION_LEVEL = 0;
				GCC_PREPROCESSOR_DEFINITIONS = (
					"DEBUG=1",
					"$(inherited)",
				);
				GCC_WARN_64_TO_32_BIT_CONVERSION = YES;
				GCC_WARN_ABOUT_RETURN_TYPE = YES_ERROR;
				GCC_WARN_UNDECLARED_SELECTOR = YES;
				GCC_WARN_UNINITIALIZED_AUTOS = YES_AGGRESSIVE;
				GCC_WARN_UNUSED_FUNCTION = YES;
				GCC_WARN_UNUSED_VARIABLE = YES;
				IPHONEOS_DEPLOYMENT_TARGET = 10.3;
				MTL_ENABLE_DEBUG_INFO = YES;
				ONLY_ACTIVE_ARCH = YES;
				SDKROOT = iphoneos;
			};
			name = Debug;
		};
		F3BD649A1FEC1339005EAB31 /* Release */ = {
			isa = XCBuildConfiguration;
			buildSettings = {
				ALWAYS_SEARCH_USER_PATHS = NO;
				CLANG_ANALYZER_NONNULL = YES;
				CLANG_ANALYZER_NUMBER_OBJECT_CONVERSION = YES_AGGRESSIVE;
				CLANG_CXX_LANGUAGE_STANDARD = "gnu++0x";
				CLANG_CXX_LIBRARY = "libc++";
				CLANG_ENABLE_MODULES = YES;
				CLANG_ENABLE_OBJC_ARC = YES;
				CLANG_WARN_BOOL_CONVERSION = YES;
				CLANG_WARN_CONSTANT_CONVERSION = YES;
				CLANG_WARN_DIRECT_OBJC_ISA_USAGE = YES_ERROR;
				CLANG_WARN_DOCUMENTATION_COMMENTS = YES;
				CLANG_WARN_EMPTY_BODY = YES;
				CLANG_WARN_ENUM_CONVERSION = YES;
				CLANG_WARN_INFINITE_RECURSION = YES;
				CLANG_WARN_INT_CONVERSION = YES;
				CLANG_WARN_OBJC_ROOT_CLASS = YES_ERROR;
				CLANG_WARN_SUSPICIOUS_MOVE = YES;
				CLANG_WARN_UNREACHABLE_CODE = YES;
				CLANG_WARN__DUPLICATE_METHOD_MATCH = YES;
				"CODE_SIGN_IDENTITY[sdk=iphoneos*]" = "iPhone Developer";
				COPY_PHASE_STRIP = NO;
				DEBUG_INFORMATION_FORMAT = "dwarf-with-dsym";
				ENABLE_NS_ASSERTIONS = NO;
				ENABLE_STRICT_OBJC_MSGSEND = YES;
				GCC_C_LANGUAGE_STANDARD = gnu99;
				GCC_NO_COMMON_BLOCKS = YES;
				GCC_WARN_64_TO_32_BIT_CONVERSION = YES;
				GCC_WARN_ABOUT_RETURN_TYPE = YES_ERROR;
				GCC_WARN_UNDECLARED_SELECTOR = YES;
				GCC_WARN_UNINITIALIZED_AUTOS = YES_AGGRESSIVE;
				GCC_WARN_UNUSED_FUNCTION = YES;
				GCC_WARN_UNUSED_VARIABLE = YES;
				IPHONEOS_DEPLOYMENT_TARGET = 10.3;
				MTL_ENABLE_DEBUG_INFO = NO;
				SDKROOT = iphoneos;
				VALIDATE_PRODUCT = YES;
			};
			name = Release;
		};
		F3BD649C1FEC1339005EAB31 /* Debug */ = {
			isa = XCBuildConfiguration;
			baseConfigurationReference = 016E0B101B3405D3328A1B37 /* Pods-AIAPP.debug.xcconfig */;
			buildSettings = {
				ASSETCATALOG_COMPILER_APPICON_NAME = AppIcon;
				DEVELOPMENT_TEAM = YL9V9X796U;
				GCC_PRECOMPILE_PREFIX_HEADER = NO;
				GCC_PREFIX_HEADER = "$(SRCROOT)/AIAPP/Supporting Flies/PrefixHeader.pch";
				INFOPLIST_FILE = AIAPP/Info.plist;
				LD_RUNPATH_SEARCH_PATHS = "$(inherited) @executable_path/Frameworks";
				PRODUCT_BUNDLE_IDENTIFIER = com.hikvision.AIAPP;
				PRODUCT_NAME = "$(TARGET_NAME)";
			};
			name = Debug;
		};
		F3BD649D1FEC1339005EAB31 /* Release */ = {
			isa = XCBuildConfiguration;
			baseConfigurationReference = 50C2C51149336170B243D1FE /* Pods-AIAPP.release.xcconfig */;
			buildSettings = {
				ASSETCATALOG_COMPILER_APPICON_NAME = AppIcon;
				DEVELOPMENT_TEAM = YL9V9X796U;
				GCC_PRECOMPILE_PREFIX_HEADER = NO;
				GCC_PREFIX_HEADER = "$(SRCROOT)/AIAPP/Supporting Flies/PrefixHeader.pch";
				INFOPLIST_FILE = AIAPP/Info.plist;
				LD_RUNPATH_SEARCH_PATHS = "$(inherited) @executable_path/Frameworks";
				PRODUCT_BUNDLE_IDENTIFIER = com.hikvision.AIAPP;
				PRODUCT_NAME = "$(TARGET_NAME)";
			};
			name = Release;
		};
/* End XCBuildConfiguration section */

/* Begin XCConfigurationList section */
		F3BD647F1FEC1339005EAB31 /* Build configuration list for PBXProject "AIAPP" */ = {
			isa = XCConfigurationList;
			buildConfigurations = (
				F3BD64991FEC1339005EAB31 /* Debug */,
				F3BD649A1FEC1339005EAB31 /* Release */,
			);
			defaultConfigurationIsVisible = 0;
			defaultConfigurationName = Release;
		};
		F3BD649B1FEC1339005EAB31 /* Build configuration list for PBXNativeTarget "AIAPP" */ = {
			isa = XCConfigurationList;
			buildConfigurations = (
				F3BD649C1FEC1339005EAB31 /* Debug */,
				F3BD649D1FEC1339005EAB31 /* Release */,
			);
			defaultConfigurationIsVisible = 0;
			defaultConfigurationName = Release;
		};
/* End XCConfigurationList section */
	};
	rootObject = F3BD647C1FEC1339005EAB31 /* Project object */;
}
